
Microsoft Visual Studio Solution File, Format Version 12.00
Project("{2150E333-8FDC-42A3-9474-1A3956D46DE8}") = "src", "src", "{7CDA66A1-F9A5-4B2D-B721-050826D3843F}"
EndProject
Project("{2150E333-8FDC-42A3-9474-1A3956D46DE8}") = "Services", "Services", "{B9B7502B-D541-4714-986B-07A3CCA4AA22}"
EndProject
Project("{FAE04EC0-301F-11D3-BF4B-00C04F79EFBC}") = "Game.API", "src\Services\Game.API\Game.API.csproj", "{AF0B3F1E-AE6F-44CA-A8BB-F1CC69F2B33A}"
EndProject
Project("{2150E333-8FDC-42A3-9474-1A3956D46DE8}") = "Game", "Game", "{364701EB-483D-4D40-9B57-C2FA886C6601}"
EndProject
Project("{FAE04EC0-301F-11D3-BF4B-00C04F79EFBC}") = "Game.API.UnitTests", "src\Services\Game\Game.API.UnitTests\Game.API.UnitTests.csproj", "{BBA995CD-03FE-41CB-9733-7CD4F950AD22}"
EndProject
Global
	GlobalSection(SolutionConfigurationPlatforms) = preSolution
		Debug|Any CPU = Debug|Any CPU
		Release|Any CPU = Release|Any CPU
	EndGlobalSection
	GlobalSection(NestedProjects) = preSolution
		{B9B7502B-D541-4714-986B-07A3CCA4AA22} = {7CDA66A1-F9A5-4B2D-B721-050826D3843F}
		{364701EB-483D-4D40-9B57-C2FA886C6601} = {B9B7502B-D541-4714-986B-07A3CCA4AA22}
		{AF0B3F1E-AE6F-44CA-A8BB-F1CC69F2B33A} = {364701EB-483D-4D40-9B57-C2FA886C6601}
		{BBA995CD-03FE-41CB-9733-7CD4F950AD22} = {364701EB-483D-4D40-9B57-C2FA886C6601}
	EndGlobalSection
	GlobalSection(ProjectConfigurationPlatforms) = postSolution
		{AF0B3F1E-AE6F-44CA-A8BB-F1CC69F2B33A}.Debug|Any CPU.ActiveCfg = Debug|Any CPU
		{AF0B3F1E-AE6F-44CA-A8BB-F1CC69F2B33A}.Debug|Any CPU.Build.0 = Debug|Any CPU
		{AF0B3F1E-AE6F-44CA-A8BB-F1CC69F2B33A}.Release|Any CPU.ActiveCfg = Release|Any CPU
		{AF0B3F1E-AE6F-44CA-A8BB-F1CC69F2B33A}.Release|Any CPU.Build.0 = Release|Any CPU
		{BBA995CD-03FE-41CB-9733-7CD4F950AD22}.Debug|Any CPU.ActiveCfg = Debug|Any CPU
		{BBA995CD-03FE-41CB-9733-7CD4F950AD22}.Debug|Any CPU.Build.0 = Debug|Any CPU
		{BBA995CD-03FE-41CB-9733-7CD4F950AD22}.Release|Any CPU.ActiveCfg = Release|Any CPU
		{BBA995CD-03FE-41CB-9733-7CD4F950AD22}.Release|Any CPU.Build.0 = Release|Any CPU
	EndGlobalSection
EndGlobal
