
Microsoft Visual Studio Solution File, Format Version 12.00
Project("{FAE04EC0-301F-11D3-BF4B-00C04F79EFBC}") = "GameShelf.API", "GameShelf.API\GameShelf.API.csproj", "{4E78167B-B610-4033-9818-F5B2178B77A7}"
EndProject
Project("{FAE04EC0-301F-11D3-BF4B-00C04F79EFBC}") = "GameShelf.Domain", "GameShelf.Domain\GameShelf.Domain.csproj", "{0C85A2D1-981A-49AF-93B9-31E6ACE1EDAF}"
EndProject
Project("{FAE04EC0-301F-11D3-BF4B-00C04F79EFBC}") = "GameShelf.Tests", "GameShelf.Tests\GameShelf.Tests.csproj", "{595B1E8E-0922-424B-8EFA-15A0D4F74E41}"
EndProject
Project("{FAE04EC0-301F-11D3-BF4B-00C04F79EFBC}") = "GameShelf.Repository", "GameShelf.Repository\GameShelf.Repository.csproj", "{527FC16B-A859-4558-9858-92077F6EA317}"
EndProject
Project("{FAE04EC0-301F-11D3-BF4B-00C04F79EFBC}") = "GameShelf.Services", "GameShelf.Services\GameShelf.Services.csproj", "{559CE73D-3619-4B30-861F-5F606BCBD725}"
EndProject
Global
	GlobalSection(SolutionConfigurationPlatforms) = preSolution
		Debug|Any CPU = Debug|Any CPU
		Release|Any CPU = Release|Any CPU
	EndGlobalSection
	GlobalSection(ProjectConfigurationPlatforms) = postSolution
		{4E78167B-B610-4033-9818-F5B2178B77A7}.Debug|Any CPU.ActiveCfg = Debug|Any CPU
		{4E78167B-B610-4033-9818-F5B2178B77A7}.Debug|Any CPU.Build.0 = Debug|Any CPU
		{4E78167B-B610-4033-9818-F5B2178B77A7}.Release|Any CPU.ActiveCfg = Release|Any CPU
		{4E78167B-B610-4033-9818-F5B2178B77A7}.Release|Any CPU.Build.0 = Release|Any CPU
		{0C85A2D1-981A-49AF-93B9-31E6ACE1EDAF}.Debug|Any CPU.ActiveCfg = Debug|Any CPU
		{0C85A2D1-981A-49AF-93B9-31E6ACE1EDAF}.Debug|Any CPU.Build.0 = Debug|Any CPU
		{0C85A2D1-981A-49AF-93B9-31E6ACE1EDAF}.Release|Any CPU.ActiveCfg = Release|Any CPU
		{0C85A2D1-981A-49AF-93B9-31E6ACE1EDAF}.Release|Any CPU.Build.0 = Release|Any CPU
		{595B1E8E-0922-424B-8EFA-15A0D4F74E41}.Debug|Any CPU.ActiveCfg = Debug|Any CPU
		{595B1E8E-0922-424B-8EFA-15A0D4F74E41}.Debug|Any CPU.Build.0 = Debug|Any CPU
		{595B1E8E-0922-424B-8EFA-15A0D4F74E41}.Release|Any CPU.ActiveCfg = Release|Any CPU
		{595B1E8E-0922-424B-8EFA-15A0D4F74E41}.Release|Any CPU.Build.0 = Release|Any CPU
		{527FC16B-A859-4558-9858-92077F6EA317}.Debug|Any CPU.ActiveCfg = Debug|Any CPU
		{527FC16B-A859-4558-9858-92077F6EA317}.Debug|Any CPU.Build.0 = Debug|Any CPU
		{527FC16B-A859-4558-9858-92077F6EA317}.Release|Any CPU.ActiveCfg = Release|Any CPU
		{527FC16B-A859-4558-9858-92077F6EA317}.Release|Any CPU.Build.0 = Release|Any CPU
		{559CE73D-3619-4B30-861F-5F606BCBD725}.Debug|Any CPU.ActiveCfg = Debug|Any CPU
		{559CE73D-3619-4B30-861F-5F606BCBD725}.Debug|Any CPU.Build.0 = Debug|Any CPU
		{559CE73D-3619-4B30-861F-5F606BCBD725}.Release|Any CPU.ActiveCfg = Release|Any CPU
		{559CE73D-3619-4B30-861F-5F606BCBD725}.Release|Any CPU.Build.0 = Release|Any CPU
	EndGlobalSection
EndGlobal
